{
  "name": "monrolegacy",
  "lockfileVersion": 2,
  "requires": true,
  "packages": {
    "": {
      "dependencies": {
        "select-picker": "^0.3.2"
      }
    },
    "node_modules/select-picker": {
      "version": "0.3.2",
      "resolved": "https://registry.npmjs.org/select-picker/-/select-picker-0.3.2.tgz",
      "integrity": "sha512-yxQHrTic2JUbC8ubUiNNp5Y8nsvAhQzn2CeAzUp5bRMgaLsJEYJkpozos97MPhiRx2SUOBBtGHyzfqFvmG50Qg=="
    }
  },
  "dependencies": {
    "select-picker": {
      "version": "0.3.2",
      "resolved": "https://registry.npmjs.org/select-picker/-/select-picker-0.3.2.tgz",
      "integrity": "sha512-yxQHrTic2JUbC8ubUiNNp5Y8nsvAhQzn2CeAzUp5bRMgaLsJEYJkpozos97MPhiRx2SUOBBtGHyzfqFvmG50Qg=="
    }
  }
}
